PODS:
  - KeychainSwift (11.0.0)
  - RIBs (0.9.1):
    - RxSwift (~> 4.0)
  - RxCocoa (4.2.0):
    - RxSwift (~> 4.0)
  - RxSwift (4.2.0)
  - SnapKit (4.0.0)

DEPENDENCIES:
  - KeychainSwift (~> 11.0)
  - RIBs (~> 0.9)
  - RxCocoa (~> 4.0)
  - SnapKit (~> 4.0.0)

SPEC REPOS:
  https://github.com/cocoapods/specs.git:
    - KeychainSwift
    - RIBs
    - RxCocoa
    - RxSwift
    - SnapKit

SPEC CHECKSUMS:
  KeychainSwift: bea6bd9f98af7b8d7ca4aa79fe105c00fab532db
  RIBs: 879184fbca567425c488d6b3d14a9c5abfbf9d47
  RxCocoa: 0b54909c902e1e581212a03e690bbd94032d8baa
  RxSwift: 99e10317ddfcc7fbe01356aafd118fde4a0be104
  SnapKit: a42d492c16e80209130a3379f73596c3454b7694

PODFILE CHECKSUM: 55b035d7c79af430e5dcd120de65624b1582d512

COCOAPODS: 1.5.3
